
Microsoft Visual Studio Solution File, Format Version 10.00
# Visual Studio 2008
Project("{8BC9CEB8-8B4A-11D0-8D11-00A0C91BC942}") = "test5", "test5\test5.vcproj", "{F146F152-C714-4162-A268-C3C2276AEE8E}"
EndProject
Global
	GlobalSection(SolutionConfigurationPlatforms) = preSolution
		Debug|Win32 = Debug|Win32
		Release|Win32 = Release|Win32
	EndGlobalSection
	GlobalSection(ProjectConfigurationPlatforms) = postSolution
		{F146F152-C714-4162-A268-C3C2276AEE8E}.Debug|Win32.ActiveCfg = Debug|Win32
		{F146F152-C714-4162-A268-C3C2276AEE8E}.Debug|Win32.Build.0 = Debug|Win32
		{F146F152-C714-4162-A268-C3C2276AEE8E}.Release|Win32.ActiveCfg = Release|Win32
		{F146F152-C714-4162-A268-C3C2276AEE8E}.Release|Win32.Build.0 = Release|Win32
	EndGlobalSection
	GlobalSection(SolutionProperties) = preSolution
		HideSolutionNode = FALSE
	EndGlobalSection
EndGlobal
