
Microsoft Visual Studio Solution File, Format Version 10.00
# Visual Studio 2008
Project("{8BC9CEB8-8B4A-11D0-8D11-00A0C91BC942}") = "sampleCmdapp", "sampleCmdapp\sampleCmdapp.vcproj", "{F0F627F7-16F8-471A-95A0-3A60C795DA76}"
EndProject
Global
	GlobalSection(SolutionConfigurationPlatforms) = preSolution
		Debug|Win32 = Debug|Win32
		Release|Win32 = Release|Win32
	EndGlobalSection
	GlobalSection(ProjectConfigurationPlatforms) = postSolution
		{F0F627F7-16F8-471A-95A0-3A60C795DA76}.Debug|Win32.ActiveCfg = Debug|Win32
		{F0F627F7-16F8-471A-95A0-3A60C795DA76}.Debug|Win32.Build.0 = Debug|Win32
		{F0F627F7-16F8-471A-95A0-3A60C795DA76}.Release|Win32.ActiveCfg = Release|Win32
		{F0F627F7-16F8-471A-95A0-3A60C795DA76}.Release|Win32.Build.0 = Release|Win32
	EndGlobalSection
	GlobalSection(SolutionProperties) = preSolution
		HideSolutionNode = FALSE
	EndGlobalSection
EndGlobal
