
Microsoft Visual Studio Solution File, Format Version 10.00
# Visual Studio 2008
Project("{54435603-DBB4-11D2-8724-00A0C9A8B90C}") = "gmaeinstaller2", "gmaeinstaller2\gmaeinstaller2.vdproj", "{4B4330F7-FA45-425C-95B5-5E3E61CA77EE}"
EndProject
Global
	GlobalSection(SolutionConfigurationPlatforms) = preSolution
		Debug|Default = Debug|Default
		Release|Default = Release|Default
	EndGlobalSection
	GlobalSection(ProjectConfigurationPlatforms) = postSolution
		{4B4330F7-FA45-425C-95B5-5E3E61CA77EE}.Debug|Default.ActiveCfg = Debug
		{4B4330F7-FA45-425C-95B5-5E3E61CA77EE}.Debug|Default.Build.0 = Debug
		{4B4330F7-FA45-425C-95B5-5E3E61CA77EE}.Release|Default.ActiveCfg = Release
		{4B4330F7-FA45-425C-95B5-5E3E61CA77EE}.Release|Default.Build.0 = Release
	EndGlobalSection
	GlobalSection(SolutionProperties) = preSolution
		HideSolutionNode = FALSE
	EndGlobalSection
EndGlobal
